
Microsoft Visual Studio Solution File, Format Version 12.00
# Visual Studio 15
VisualStudioVersion = 15.0.26730.12
MinimumVisualStudioVersion = 10.0.40219.1
Project("{FAE04EC0-301F-11D3-BF4B-00C04F79EFBC}") = "tony-businessman", "tony-businessman\tony-businessman.csproj", "{F54BFA0E-BB83-481B-9062-2FE249258C60}"
EndProject
Global
	GlobalSection(SolutionConfigurationPlatforms) = preSolution
		Debug|Any CPU = Debug|Any CPU
		Release|Any CPU = Release|Any CPU
	EndGlobalSection
	GlobalSection(ProjectConfigurationPlatforms) = postSolution
		{F54BFA0E-BB83-481B-9062-2FE249258C60}.Debug|Any CPU.ActiveCfg = Debug|Any CPU
		{F54BFA0E-BB83-481B-9062-2FE249258C60}.Debug|Any CPU.Build.0 = Debug|Any CPU
		{F54BFA0E-BB83-481B-9062-2FE249258C60}.Release|Any CPU.ActiveCfg = Release|Any CPU
		{F54BFA0E-BB83-481B-9062-2FE249258C60}.Release|Any CPU.Build.0 = Release|Any CPU
	EndGlobalSection
	GlobalSection(SolutionProperties) = preSolution
		HideSolutionNode = FALSE
	EndGlobalSection
	GlobalSection(ExtensibilityGlobals) = postSolution
		SolutionGuid = {FA54D4CF-A8B4-4B68-8513-743491B840DF}
	EndGlobalSection
EndGlobal
